
Microsoft Visual Studio Solution File, Format Version 12.00
# Visual Studio Version 17
VisualStudioVersion = 17.14.36603.0
MinimumVisualStudioVersion = 10.0.40219.1
Project("{FAE04EC0-301F-11D3-BF4B-00C04F79EFBC}") = "SistemaGimnasio", "SistemaGimnasio.csproj", "{C03E1288-5628-4D16-CDE3-93D2342490F0}"
EndProject
Project("{FAE04EC0-301F-11D3-BF4B-00C04F79EFBC}") = "SistemaGimnasio.Test", "..\SistemaGimnasio.Test\SistemaGimnasio.Test.csproj", "{8AFA9D4D-A948-46FB-9890-AB8B70FA1700}"
EndProject
Global
	GlobalSection(SolutionConfigurationPlatforms) = preSolution
		Debug|Any CPU = Debug|Any CPU
		Release|Any CPU = Release|Any CPU
	EndGlobalSection
	GlobalSection(ProjectConfigurationPlatforms) = postSolution
		{C03E1288-5628-4D16-CDE3-93D2342490F0}.Debug|Any CPU.ActiveCfg = Debug|Any CPU
		{C03E1288-5628-4D16-CDE3-93D2342490F0}.Debug|Any CPU.Build.0 = Debug|Any CPU
		{C03E1288-5628-4D16-CDE3-93D2342490F0}.Release|Any CPU.ActiveCfg = Release|Any CPU
		{C03E1288-5628-4D16-CDE3-93D2342490F0}.Release|Any CPU.Build.0 = Release|Any CPU
		{8AFA9D4D-A948-46FB-9890-AB8B70FA1700}.Debug|Any CPU.ActiveCfg = Debug|Any CPU
		{8AFA9D4D-A948-46FB-9890-AB8B70FA1700}.Debug|Any CPU.Build.0 = Debug|Any CPU
		{8AFA9D4D-A948-46FB-9890-AB8B70FA1700}.Release|Any CPU.ActiveCfg = Release|Any CPU
		{8AFA9D4D-A948-46FB-9890-AB8B70FA1700}.Release|Any CPU.Build.0 = Release|Any CPU
	EndGlobalSection
	GlobalSection(SolutionProperties) = preSolution
		HideSolutionNode = FALSE
	EndGlobalSection
	GlobalSection(ExtensibilityGlobals) = postSolution
		SolutionGuid = {B8912720-8F1C-475C-AA1D-7FA00EB0E5FE}
	EndGlobalSection
EndGlobal
